
Microsoft Visual Studio Solution File, Format Version 12.00
# Visual Studio Version 17
VisualStudioVersion = 17.5.33502.453
MinimumVisualStudioVersion = 10.0.40219.1
Project("{FAE04EC0-301F-11D3-BF4B-00C04F79EFBC}") = "Example", "Example\Example.csproj", "{65B08B72-FF93-42F2-9B26-7DAB83497B9E}"
EndProject
Global
	GlobalSection(SolutionConfigurationPlatforms) = preSolution
		Debug|Any CPU = Debug|Any CPU
		Release|Any CPU = Release|Any CPU
	EndGlobalSection
	GlobalSection(ProjectConfigurationPlatforms) = postSolution
		{65B08B72-FF93-42F2-9B26-7DAB83497B9E}.Debug|Any CPU.ActiveCfg = Debug|Any CPU
		{65B08B72-FF93-42F2-9B26-7DAB83497B9E}.Debug|Any CPU.Build.0 = Debug|Any CPU
		{65B08B72-FF93-42F2-9B26-7DAB83497B9E}.Release|Any CPU.ActiveCfg = Release|Any CPU
		{65B08B72-FF93-42F2-9B26-7DAB83497B9E}.Release|Any CPU.Build.0 = Release|Any CPU
	EndGlobalSection
	GlobalSection(SolutionProperties) = preSolution
		HideSolutionNode = FALSE
	EndGlobalSection
	GlobalSection(ExtensibilityGlobals) = postSolution
		SolutionGuid = {0ED9F6E5-046C-4CA8-A111-639FF46446C1}
	EndGlobalSection
EndGlobal
